{
  "name": "05-proyecto",
  "version": "1.0.0",
  "lockfileVersion": 1,
  "requires": true,
  "dependencies": {
    "calculadora_fr": {
      "version": "1.0.0",
      "resolved": "https://registry.npmjs.org/calculadora_fr/-/calculadora_fr-1.0.0.tgz",
      "integrity": "sha512-VeVUI0oAyBieNEFdkHBLVNIh1duFSEPJS8fEToUh2GMyawRBKV2AWoCMOV7HlXvEOUU/7Thdw70hUsFzA6b1Ig=="
    },
    "librerias-f-r-m": {
      "version": "1.0.0",
      "resolved": "https://registry.npmjs.org/librerias-f-r-m/-/librerias-f-r-m-1.0.0.tgz",
      "integrity": "sha512-g/7ELr1xEH7kKAUhXHgd+gYbrf3Ss/kPX52zQXEgHnJodYfXCuuOpyJVX8GonUZHBGW1kxJb+0eXhlVzAujI5g=="
    }
  }
}
